// !$*UTF8*$!
{
	archiveVersion = 1;
	classes = {
	};
	objectVersion = 46;
	objects = {

/* Begin PBXBuildFile section */
		F31CA8A319E70C1400498E33 /* keychain.png in Resources */ = {isa = PBXBuildFile; fileRef = F31CA8A219E70C1400498E33 /* keychain.png */; };
		F31CA8A619E711A500498E33 /* KeychainModel.m in Sources */ = {isa = PBXBuildFile; fileRef = F31CA8A519E711A500498E33 /* KeychainModel.m */; };
		F31CA8A919E7138C00498E33 /* SiteValue.m in Sources */ = {isa = PBXBuildFile; fileRef = F31CA8A819E7138C00498E33 /* SiteValue.m */; };
		F31CA8AC19E71A6300498E33 /* NewRecordViewController.m in Sources */ = {isa = PBXBuildFile; fileRef = F31CA8AB19E71A6300498E33 /* NewRecordViewController.m */; };
		F31CA8B019E73F9800498E33 /* KeychainAccessIconX.png in Resources */ = {isa = PBXBuildFile; fileRef = F31CA8AF19E73F9800498E33 /* KeychainAccessIconX.png */; };
		F388B0AA19DE0F0C0070258A /* main.m in Sources */ = {isa = PBXBuildFile; fileRef = F388B0A919DE0F0C0070258A /* main.m */; };
		F388B0AD19DE0F0C0070258A /* AppDelegate.m in Sources */ = {isa = PBXBuildFile; fileRef = F388B0AC19DE0F0C0070258A /* AppDelegate.m */; };
		F388B0B019DE0F0C0070258A /* ViewController.m in Sources */ = {isa = PBXBuildFile; fileRef = F388B0AF19DE0F0C0070258A /* ViewController.m */; };
		F388B0B319DE0F0C0070258A /* Main.storyboard in Resources */ = {isa = PBXBuildFile; fileRef = F388B0B119DE0F0C0070258A /* Main.storyboard */; };
		F388B0B519DE0F0C0070258A /* Images.xcassets in Resources */ = {isa = PBXBuildFile; fileRef = F388B0B419DE0F0C0070258A /* Images.xcassets */; };
		F388B0B819DE0F0C0070258A /* LaunchScreen.xib in Resources */ = {isa = PBXBuildFile; fileRef = F388B0B619DE0F0C0070258A /* LaunchScreen.xib */; };
		F388B0C419DE0F0C0070258A /* Keychain_Homework2Tests.m in Sources */ = {isa = PBXBuildFile; fileRef = F388B0C319DE0F0C0070258A /* Keychain_Homework2Tests.m */; };
/* End PBXBuildFile section */

/* Begin PBXContainerItemProxy section */
		F388B0BE19DE0F0C0070258A /* PBXContainerItemProxy */ = {
			isa = PBXContainerItemProxy;
			containerPortal = F388B09C19DE0F0C0070258A /* Project object */;
			proxyType = 1;
			remoteGlobalIDString = F388B0A319DE0F0C0070258A;
			remoteInfo = Keychain_Homework2;
		};
/* End PBXContainerItemProxy section */

/* Begin PBXFileReference section */
		F31CA8A219E70C1400498E33 /* keychain.png */ = {isa = PBXFileReference; lastKnownFileType = image.png; path = keychain.png; sourceTree = "<group>"; };
		F31CA8A419E711A500498E33 /* KeychainModel.h */ = {isa = PBXFileReference; fileEncoding = 4; lastKnownFileType = sourcecode.c.h; path = KeychainModel.h; sourceTree = "<group>"; };
		F31CA8A519E711A500498E33 /* KeychainModel.m */ = {isa = PBXFileReference; fileEncoding = 4; lastKnownFileType = sourcecode.c.objc; path = KeychainModel.m; sourceTree = "<group>"; };
		F31CA8A719E7138C00498E33 /* SiteValue.h */ = {isa = PBXFileReference; fileEncoding = 4; lastKnownFileType = sourcecode.c.h; path = SiteValue.h; sourceTree = "<group>"; };
		F31CA8A819E7138C00498E33 /* SiteValue.m */ = {isa = PBXFileReference; fileEncoding = 4; lastKnownFileType = sourcecode.c.objc; path = SiteValue.m; sourceTree = "<group>"; };
		F31CA8AA19E71A6300498E33 /* NewRecordViewController.h */ = {isa = PBXFileReference; fileEncoding = 4; lastKnownFileType = sourcecode.c.h; path = NewRecordViewController.h; sourceTree = "<group>"; };
		F31CA8AB19E71A6300498E33 /* NewRecordViewController.m */ = {isa = PBXFileReference; fileEncoding = 4; lastKnownFileType = sourcecode.c.objc; path = NewRecordViewController.m; sourceTree = "<group>"; };
		F31CA8AF19E73F9800498E33 /* KeychainAccessIconX.png */ = {isa = PBXFileReference; lastKnownFileType = image.png; path = KeychainAccessIconX.png; sourceTree = "<group>"; };
		F388B0A419DE0F0C0070258A /* Keychain_Homework2.app */ = {isa = PBXFileReference; explicitFileType = wrapper.application; includeInIndex = 0; path = Keychain_Homework2.app; sourceTree = BUILT_PRODUCTS_DIR; };
		F388B0A819DE0F0C0070258A /* Info.plist */ = {isa = PBXFileReference; lastKnownFileType = text.plist.xml; path = Info.plist; sourceTree = "<group>"; };
		F388B0A919DE0F0C0070258A /* main.m */ = {isa = PBXFileReference; lastKnownFileType = sourcecode.c.objc; path = main.m; sourceTree = "<group>"; };
		F388B0AB19DE0F0C0070258A /* AppDelegate.h */ = {isa = PBXFileReference; lastKnownFileType = sourcecode.c.h; path = AppDelegate.h; sourceTree = "<group>"; };
		F388B0AC19DE0F0C0070258A /* AppDelegate.m */ = {isa = PBXFileReference; lastKnownFileType = sourcecode.c.objc; path = AppDelegate.m; sourceTree = "<group>"; };
		F388B0AE19DE0F0C0070258A /* ViewController.h */ = {isa = PBXFileReference; lastKnownFileType = sourcecode.c.h; path = ViewController.h; sourceTree = "<group>"; };
		F388B0AF19DE0F0C0070258A /* ViewController.m */ = {isa = PBXFileReference; lastKnownFileType = sourcecode.c.objc; path = ViewController.m; sourceTree = "<group>"; };
		F388B0B219DE0F0C0070258A /* Base */ = {isa = PBXFileReference; lastKnownFileType = file.storyboard; name = Base; path = Base.lproj/Main.storyboard; sourceTree = "<group>"; };
		F388B0B419DE0F0C0070258A /* Images.xcassets */ = {isa = PBXFileReference; lastKnownFileType = folder.assetcatalog; path = Images.xcassets; sourceTree = "<group>"; };
		F388B0B719DE0F0C0070258A /* Base */ = {isa = PBXFileReference; lastKnownFileType = file.xib; name = Base; path = Base.lproj/LaunchScreen.xib; sourceTree = "<group>"; };
		F388B0BD19DE0F0C0070258A /* Keychain_Homework2Tests.xctest */ = {isa = PBXFileReference; explicitFileType = wrapper.cfbundle; includeInIndex = 0; path = Keychain_Homework2Tests.xctest; sourceTree = BUILT_PRODUCTS_DIR; };
		F388B0C219DE0F0C0070258A /* Info.plist */ = {isa = PBXFileReference; lastKnownFileType = text.plist.xml; path = Info.plist; sourceTree = "<group>"; };
		F388B0C319DE0F0C0070258A /* Keychain_Homework2Tests.m */ = {isa = PBXFileReference; lastKnownFileType = sourcecode.c.objc; path = Keychain_Homework2Tests.m; sourceTree = "<group>"; };
/* End PBXFileReference section */

/* Begin PBXFrameworksBuildPhase section */
		F388B0A119DE0F0C0070258A /* Frameworks */ = {
			isa = PBXFrameworksBuildPhase;
			buildActionMask = 2147483647;
			files = (
			);
			runOnlyForDeploymentPostprocessing = 0;
		};
		F388B0BA19DE0F0C0070258A /* Frameworks */ = {
			isa = PBXFrameworksBuildPhase;
			buildActionMask = 2147483647;
			files = (
			);
			runOnlyForDeploymentPostprocessing = 0;
		};
/* End PBXFrameworksBuildPhase section */

/* Begin PBXGroup section */
		F388B09B19DE0F0C0070258A = {
			isa = PBXGroup;
			children = (
				F388B0A619DE0F0C0070258A /* Keychain_Homework2 */,
				F388B0C019DE0F0C0070258A /* Keychain_Homework2Tests */,
				F388B0A519DE0F0C0070258A /* Products */,
			);
			sourceTree = "<group>";
		};
		F388B0A519DE0F0C0070258A /* Products */ = {
			isa = PBXGroup;
			children = (
				F388B0A419DE0F0C0070258A /* Keychain_Homework2.app */,
				F388B0BD19DE0F0C0070258A /* Keychain_Homework2Tests.xctest */,
			);
			name = Products;
			sourceTree = "<group>";
		};
		F388B0A619DE0F0C0070258A /* Keychain_Homework2 */ = {
			isa = PBXGroup;
			children = (
				F388B0AB19DE0F0C0070258A /* AppDelegate.h */,
				F388B0AC19DE0F0C0070258A /* AppDelegate.m */,
				F388B0AE19DE0F0C0070258A /* ViewController.h */,
				F388B0AF19DE0F0C0070258A /* ViewController.m */,
				F31CA8AA19E71A6300498E33 /* NewRecordViewController.h */,
				F31CA8AB19E71A6300498E33 /* NewRecordViewController.m */,
				F31CA8A419E711A500498E33 /* KeychainModel.h */,
				F31CA8A519E711A500498E33 /* KeychainModel.m */,
				F31CA8A719E7138C00498E33 /* SiteValue.h */,
				F31CA8A819E7138C00498E33 /* SiteValue.m */,
				F388B0B119DE0F0C0070258A /* Main.storyboard */,
				F388B0B419DE0F0C0070258A /* Images.xcassets */,
				F388B0B619DE0F0C0070258A /* LaunchScreen.xib */,
				F388B0A719DE0F0C0070258A /* Supporting Files */,
			);
			path = Keychain_Homework2;
			sourceTree = "<group>";
		};
		F388B0A719DE0F0C0070258A /* Supporting Files */ = {
			isa = PBXGroup;
			children = (
				F31CA8A219E70C1400498E33 /* keychain.png */,
				F31CA8AF19E73F9800498E33 /* KeychainAccessIconX.png */,
				F388B0A819DE0F0C0070258A /* Info.plist */,
				F388B0A919DE0F0C0070258A /* main.m */,
			);
			name = "Supporting Files";
			sourceTree = "<group>";
		};
		F388B0C019DE0F0C0070258A /* Keychain_Homework2Tests */ = {
			isa = PBXGroup;
			children = (
				F388B0C319DE0F0C0070258A /* Keychain_Homework2Tests.m */,
				F388B0C119DE0F0C0070258A /* Supporting Files */,
			);
			path = Keychain_Homework2Tests;
			sourceTree = "<group>";
		};
		F388B0C119DE0F0C0070258A /* Supporting Files */ = {
			isa = PBXGroup;
			children = (
				F388B0C219DE0F0C0070258A /* Info.plist */,
			);
			name = "Supporting Files";
			sourceTree = "<group>";
		};
/* End PBXGroup section */

/* Begin PBXNativeTarget section */
		F388B0A319DE0F0C0070258A /* Keychain_Homework2 */ = {
			isa = PBXNativeTarget;
			buildConfigurationList = F388B0C719DE0F0C0070258A /* Build configuration list for PBXNativeTarget "Keychain_Homework2" */;
			buildPhases = (
				F388B0A019DE0F0C0070258A /* Sources */,
				F388B0A119DE0F0C0070258A /* Frameworks */,
				F388B0A219DE0F0C0070258A /* Resources */,
			);
			buildRules = (
			);
			dependencies = (
			);
			name = Keychain_Homework2;
			productName = Keychain_Homework2;
			productReference = F388B0A419DE0F0C0070258A /* Keychain_Homework2.app */;
			productType = "com.apple.product-type.application";
		};
		F388B0BC19DE0F0C0070258A /* Keychain_Homework2Tests */ = {
			isa = PBXNativeTarget;
			buildConfigurationList = F388B0CA19DE0F0C0070258A /* Build configuration list for PBXNativeTarget "Keychain_Homework2Tests" */;
			buildPhases = (
				F388B0B919DE0F0C0070258A /* Sources */,
				F388B0BA19DE0F0C0070258A /* Frameworks */,
				F388B0BB19DE0F0C0070258A /* Resources */,
			);
			buildRules = (
			);
			dependencies = (
				F388B0BF19DE0F0C0070258A /* PBXTargetDependency */,
			);
			name = Keychain_Homework2Tests;
			productName = Keychain_Homework2Tests;
			productReference = F388B0BD19DE0F0C0070258A /* Keychain_Homework2Tests.xctest */;
			productType = "com.apple.product-type.bundle.unit-test";
		};
/* End PBXNativeTarget section */

/* Begin PBXProject section */
		F388B09C19DE0F0C0070258A /* Project object */ = {
			isa = PBXProject;
			attributes = {
				LastUpgradeCheck = 0600;
				ORGANIZATIONNAME = nyu.edu;
				TargetAttributes = {
					F388B0A319DE0F0C0070258A = {
						CreatedOnToolsVersion = 6.0.1;
					};
					F388B0BC19DE0F0C0070258A = {
						CreatedOnToolsVersion = 6.0.1;
						TestTargetID = F388B0A319DE0F0C0070258A;
					};
				};
			};
			buildConfigurationList = F388B09F19DE0F0C0070258A /* Build configuration list for PBXProject "Keychain_Homework2" */;
			compatibilityVersion = "Xcode 3.2";
			developmentRegion = English;
			hasScannedForEncodings = 0;
			knownRegions = (
				en,
				Base,
			);
			mainGroup = F388B09B19DE0F0C0070258A;
			productRefGroup = F388B0A519DE0F0C0070258A /* Products */;
			projectDirPath = "";
			projectRoot = "";
			targets = (
				F388B0A319DE0F0C0070258A /* Keychain_Homework2 */,
				F388B0BC19DE0F0C0070258A /* Keychain_Homework2Tests */,
			);
		};
/* End PBXProject section */

/* Begin PBXResourcesBuildPhase section */
		F388B0A219DE0F0C0070258A /* Resources */ = {
			isa = PBXResourcesBuildPhase;
			buildActionMask = 2147483647;
			files = (
				F31CA8B019E73F9800498E33 /* KeychainAccessIconX.png in Resources */,
				F388B0B319DE0F0C0070258A /* Main.storyboard in Resources */,
				F388B0B819DE0F0C0070258A /* LaunchScreen.xib in Resources */,
				F31CA8A319E70C1400498E33 /* keychain.png in Resources */,
				F388B0B519DE0F0C0070258A /* Images.xcassets in Resources */,
			);
			runOnlyForDeploymentPostprocessing = 0;
		};
		F388B0BB19DE0F0C0070258A /* Resources */ = {
			isa = PBXResourcesBuildPhase;
			buildActionMask = 2147483647;
			files = (
			);
			runOnlyForDeploymentPostprocessing = 0;
		};
/* End PBXResourcesBuildPhase section */

/* Begin PBXSourcesBuildPhase section */
		F388B0A019DE0F0C0070258A /* Sources */ = {
			isa = PBXSourcesBuildPhase;
			buildActionMask = 2147483647;
			files = (
				F31CA8A919E7138C00498E33 /* SiteValue.m in Sources */,
				F388B0B019DE0F0C0070258A /* ViewController.m in Sources */,
				F31CA8AC19E71A6300498E33 /* NewRecordViewController.m in Sources */,
				F388B0AD19DE0F0C0070258A /* AppDelegate.m in Sources */,
				F388B0AA19DE0F0C0070258A /* main.m in Sources */,
				F31CA8A619E711A500498E33 /* KeychainModel.m in Sources */,
			);
			runOnlyForDeploymentPostprocessing = 0;
		};
		F388B0B919DE0F0C0070258A /* Sources */ = {
			isa = PBXSourcesBuildPhase;
			buildActionMask = 2147483647;
			files = (
				F388B0C419DE0F0C0070258A /* Keychain_Homework2Tests.m in Sources */,
			);
			runOnlyForDeploymentPostprocessing = 0;
		};
/* End PBXSourcesBuildPhase section */

/* Begin PBXTargetDependency section */
		F388B0BF19DE0F0C0070258A /* PBXTargetDependency */ = {
			isa = PBXTargetDependency;
			target = F388B0A319DE0F0C0070258A /* Keychain_Homework2 */;
			targetProxy = F388B0BE19DE0F0C0070258A /* PBXContainerItemProxy */;
		};
/* End PBXTargetDependency section */

/* Begin PBXVariantGroup section */
		F388B0B119DE0F0C0070258A /* Main.storyboard */ = {
			isa = PBXVariantGroup;
			children = (
				F388B0B219DE0F0C0070258A /* Base */,
			);
			name = Main.storyboard;
			sourceTree = "<group>";
		};
		F388B0B619DE0F0C0070258A /* LaunchScreen.xib */ = {
			isa = PBXVariantGroup;
			children = (
				F388B0B719DE0F0C0070258A /* Base */,
			);
			name = LaunchScreen.xib;
			sourceTree = "<group>";
		};
/* End PBXVariantGroup section */

/* Begin XCBuildConfiguration section */
		F388B0C519DE0F0C0070258A /* Debug */ = {
			isa = XCBuildConfiguration;
			buildSettings = {
				ALWAYS_SEARCH_USER_PATHS = NO;
				CLANG_CXX_LANGUAGE_STANDARD = "gnu++0x";
				CLANG_CXX_LIBRARY = "libc++";
				CLANG_ENABLE_MODULES = YES;
				CLANG_ENABLE_OBJC_ARC = YES;
				CLANG_WARN_BOOL_CONVERSION = YES;
				CLANG_WARN_CONSTANT_CONVERSION = YES;
				CLANG_WARN_DIRECT_OBJC_ISA_USAGE = YES_ERROR;
				CLANG_WARN_EMPTY_BODY = YES;
				CLANG_WARN_ENUM_CONVERSION = YES;
				CLANG_WARN_INT_CONVERSION = YES;
				CLANG_WARN_OBJC_ROOT_CLASS = YES_ERROR;
				CLANG_WARN_UNREACHABLE_CODE = YES;
				CLANG_WARN__DUPLICATE_METHOD_MATCH = YES;
				"CODE_SIGN_IDENTITY[sdk=iphoneos*]" = "iPhone Developer";
				COPY_PHASE_STRIP = NO;
				ENABLE_STRICT_OBJC_MSGSEND = YES;
				GCC_C_LANGUAGE_STANDARD = gnu99;
				GCC_DYNAMIC_NO_PIC = NO;
				GCC_OPTIMIZATION_LEVEL = 0;
				GCC_PREPROCESSOR_DEFINITIONS = (
					"DEBUG=1",
					"$(inherited)",
				);
				GCC_SYMBOLS_PRIVATE_EXTERN = NO;
				GCC_WARN_64_TO_32_BIT_CONVERSION = YES;
				GCC_WARN_ABOUT_RETURN_TYPE = YES_ERROR;
				GCC_WARN_UNDECLARED_SELECTOR = YES;
				GCC_WARN_UNINITIALIZED_AUTOS = YES_AGGRESSIVE;
				GCC_WARN_UNUSED_FUNCTION = YES;
				GCC_WARN_UNUSED_VARIABLE = YES;
				IPHONEOS_DEPLOYMENT_TARGET = 8.0;
				MTL_ENABLE_DEBUG_INFO = YES;
				ONLY_ACTIVE_ARCH = YES;
				SDKROOT = iphoneos;
			};
			name = Debug;
		};
		F388B0C619DE0F0C0070258A /* Release */ = {
			isa = XCBuildConfiguration;
			buildSettings = {
				ALWAYS_SEARCH_USER_PATHS = NO;
				CLANG_CXX_LANGUAGE_STANDARD = "gnu++0x";
				CLANG_CXX_LIBRARY = "libc++";
				CLANG_ENABLE_MODULES = YES;
				CLANG_ENABLE_OBJC_ARC = YES;
				CLANG_WARN_BOOL_CONVERSION = YES;
				CLANG_WARN_CONSTANT_CONVERSION = YES;
				CLANG_WARN_DIRECT_OBJC_ISA_USAGE = YES_ERROR;
				CLANG_WARN_EMPTY_BODY = YES;
				CLANG_WARN_ENUM_CONVERSION = YES;
				CLANG_WARN_INT_CONVERSION = YES;
				CLANG_WARN_OBJC_ROOT_CLASS = YES_ERROR;
				CLANG_WARN_UNREACHABLE_CODE = YES;
				CLANG_WARN__DUPLICATE_METHOD_MATCH = YES;
				"CODE_SIGN_IDENTITY[sdk=iphoneos*]" = "iPhone Developer";
				COPY_PHASE_STRIP = YES;
				ENABLE_NS_ASSERTIONS = NO;
				ENABLE_STRICT_OBJC_MSGSEND = YES;
				GCC_C_LANGUAGE_STANDARD = gnu99;
				GCC_WARN_64_TO_32_BIT_CONVERSION = YES;
				GCC_WARN_ABOUT_RETURN_TYPE = YES_ERROR;
				GCC_WARN_UNDECLARED_SELECTOR = YES;
				GCC_WARN_UNINITIALIZED_AUTOS = YES_AGGRESSIVE;
				GCC_WARN_UNUSED_FUNCTION = YES;
				GCC_WARN_UNUSED_VARIABLE = YES;
				IPHONEOS_DEPLOYMENT_TARGET = 8.0;
				MTL_ENABLE_DEBUG_INFO = NO;
				SDKROOT = iphoneos;
				VALIDATE_PRODUCT = YES;
			};
			name = Release;
		};
		F388B0C819DE0F0C0070258A /* Debug */ = {
			isa = XCBuildConfiguration;
			buildSettings = {
				ASSETCATALOG_COMPILER_APPICON_NAME = AppIcon;
				ASSETCATALOG_COMPILER_LAUNCHIMAGE_NAME = LaunchImage;
				INFOPLIST_FILE = Keychain_Homework2/Info.plist;
				LD_RUNPATH_SEARCH_PATHS = "$(inherited) @executable_path/Frameworks";
				PRODUCT_NAME = "$(TARGET_NAME)";
			};
			name = Debug;
		};
		F388B0C919DE0F0C0070258A /* Release */ = {
			isa = XCBuildConfiguration;
			buildSettings = {
				ASSETCATALOG_COMPILER_APPICON_NAME = AppIcon;
				ASSETCATALOG_COMPILER_LAUNCHIMAGE_NAME = LaunchImage;
				INFOPLIST_FILE = Keychain_Homework2/Info.plist;
				LD_RUNPATH_SEARCH_PATHS = "$(inherited) @executable_path/Frameworks";
				PRODUCT_NAME = "$(TARGET_NAME)";
			};
			name = Release;
		};
		F388B0CB19DE0F0C0070258A /* Debug */ = {
			isa = XCBuildConfiguration;
			buildSettings = {
				BUNDLE_LOADER = "$(TEST_HOST)";
				FRAMEWORK_SEARCH_PATHS = (
					"$(SDKROOT)/Developer/Library/Frameworks",
					"$(inherited)",
				);
				GCC_PREPROCESSOR_DEFINITIONS = (
					"DEBUG=1",
					"$(inherited)",
				);
				INFOPLIST_FILE = Keychain_Homework2Tests/Info.plist;
				LD_RUNPATH_SEARCH_PATHS = "$(inherited) @executable_path/Frameworks @loader_path/Frameworks";
				PRODUCT_NAME = "$(TARGET_NAME)";
				TEST_HOST = "$(BUILT_PRODUCTS_DIR)/Keychain_Homework2.app/Keychain_Homework2";
			};
			name = Debug;
		};
		F388B0CC19DE0F0C0070258A /* Release */ = {
			isa = XCBuildConfiguration;
			buildSettings = {
				BUNDLE_LOADER = "$(TEST_HOST)";
				FRAMEWORK_SEARCH_PATHS = (
					"$(SDKROOT)/Developer/Library/Frameworks",
					"$(inherited)",
				);
				INFOPLIST_FILE = Keychain_Homework2Tests/Info.plist;
				LD_RUNPATH_SEARCH_PATHS = "$(inherited) @executable_path/Frameworks @loader_path/Frameworks";
				PRODUCT_NAME = "$(TARGET_NAME)";
				TEST_HOST = "$(BUILT_PRODUCTS_DIR)/Keychain_Homework2.app/Keychain_Homework2";
			};
			name = Release;
		};
/* End XCBuildConfiguration section */

/* Begin XCConfigurationList section */
		F388B09F19DE0F0C0070258A /* Build configuration list for PBXProject "Keychain_Homework2" */ = {
			isa = XCConfigurationList;
			buildConfigurations = (
				F388B0C519DE0F0C0070258A /* Debug */,
				F388B0C619DE0F0C0070258A /* Release */,
			);
			defaultConfigurationIsVisible = 0;
			defaultConfigurationName = Release;
		};
		F388B0C719DE0F0C0070258A /* Build configuration list for PBXNativeTarget "Keychain_Homework2" */ = {
			isa = XCConfigurationList;
			buildConfigurations = (
				F388B0C819DE0F0C0070258A /* Debug */,
				F388B0C919DE0F0C0070258A /* Release */,
			);
			defaultConfigurationIsVisible = 0;
			defaultConfigurationName = Release;
		};
		F388B0CA19DE0F0C0070258A /* Build configuration list for PBXNativeTarget "Keychain_Homework2Tests" */ = {
			isa = XCConfigurationList;
			buildConfigurations = (
				F388B0CB19DE0F0C0070258A /* Debug */,
				F388B0CC19DE0F0C0070258A /* Release */,
			);
			defaultConfigurationIsVisible = 0;
			defaultConfigurationName = Release;
		};
/* End XCConfigurationList section */
	};
	rootObject = F388B09C19DE0F0C0070258A /* Project object */;
}
